PODS:
  - boost-for-react-native (1.63.0)
  - CocoaAsyncSocket (7.6.4)
  - CocoaLibEvent (1.0.0)
  - DoubleConversion (1.1.6)
  - FBLazyVector (1000.0.0)
  - FBReactNativeSpec (1000.0.0):
    - Folly (= 2020.01.13.00)
    - RCTRequired (= 1000.0.0)
    - RCTTypeSafety (= 1000.0.0)
    - React-Core (= 1000.0.0)
    - React-jsi (= 1000.0.0)
    - ReactCommon/turbomodule/core (= 1000.0.0)
  - Flipper (0.30.2):
    - Flipper-Folly (~> 2.1)
    - Flipper-RSocket (~> 1.0)
  - Flipper-DoubleConversion (1.1.7)
  - Flipper-Folly (2.2.0):
    - boost-for-react-native
    - CocoaLibEvent (~> 1.0)
    - Flipper-DoubleConversion
    - Flipper-Glog
    - OpenSSL-Universal (= 1.0.2.19)
  - Flipper-Glog (0.3.6)
  - Flipper-PeerTalk (0.0.4)
  - Flipper-RSocket (1.1.0):
    - Flipper-Folly (~> 2.2)
  - FlipperKit (0.30.2):
    - FlipperKit/Core (= 0.30.2)
  - FlipperKit/Core (0.30.2):
    - Flipper (~> 0.30.2)
    - FlipperKit/CppBridge
    - FlipperKit/FBCxxFollyDynamicConvert
    - FlipperKit/FBDefines
    - FlipperKit/FKPortForwarding
  - FlipperKit/CppBridge (0.30.2):
    - Flipper (~> 0.30.2)
  - FlipperKit/FBCxxFollyDynamicConvert (0.30.2):
    - Flipper-Folly (~> 2.1)
  - FlipperKit/FBDefines (0.30.2)
  - FlipperKit/FKPortForwarding (0.30.2):
    - CocoaAsyncSocket (~> 7.6)
    - Flipper-PeerTalk (~> 0.0.4)
  - FlipperKit/FlipperKitHighlightOverlay (0.30.2)
  - FlipperKit/FlipperKitLayoutPlugin (0.30.2):
    - FlipperKit/Core
    - FlipperKit/FlipperKitHighlightOverlay
    - FlipperKit/FlipperKitLayoutTextSearchable
    - YogaKit (~> 1.18)
  - FlipperKit/FlipperKitLayoutTextSearchable (0.30.2)
  - FlipperKit/FlipperKitNetworkPlugin (0.30.2):
    - FlipperKit/Core
  - FlipperKit/FlipperKitReactPlugin (0.30.2):
    - FlipperKit/Core
  - FlipperKit/FlipperKitUserDefaultsPlugin (0.30.2):
    - FlipperKit/Core
  - FlipperKit/SKIOSNetworkPlugin (0.30.2):
    - FlipperKit/Core
    - FlipperKit/FlipperKitNetworkPlugin
  - Folly (2020.01.13.00):
    - boost-for-react-native
    - DoubleConversion
    - Folly/Default (= 2020.01.13.00)
    - glog
  - Folly/Default (2020.01.13.00):
    - boost-for-react-native
    - DoubleConversion
    - glog
  - Folly/Fabric (2020.01.13.00):
    - boost-for-react-native
    - DoubleConversion
    - glog
  - glog (0.3.5)
  - OpenSSL-Universal (1.0.2.19):
    - OpenSSL-Universal/Static (= 1.0.2.19)
  - OpenSSL-Universal/Static (1.0.2.19)
  - RCTRequired (1000.0.0)
  - RCTTypeSafety (1000.0.0):
    - FBLazyVector (= 1000.0.0)
    - Folly (= 2020.01.13.00)
    - RCTRequired (= 1000.0.0)
    - React-Core (= 1000.0.0)
  - React (1000.0.0):
    - React-Core (= 1000.0.0)
    - React-Core/DevSupport (= 1000.0.0)
    - React-Core/RCTWebSocket (= 1000.0.0)
    - React-RCTImage (= 1000.0.0)
    - React-RCTNetwork (= 1000.0.0)
  - React-callinvoker (1000.0.0)
  - React-Core (1000.0.0):
    - Folly (= 2020.01.13.00)
    - glog
    - React-Core/Default (= 1000.0.0)
    - React-cxxreact (= 1000.0.0)
    - React-jsi (= 1000.0.0)
    - React-jsiexecutor (= 1000.0.0)
    - React-perflogger (= 1000.0.0)
    - Yoga
  - React-Core/CoreModulesHeaders (1000.0.0):
    - Folly (= 2020.01.13.00)
    - glog
    - React-Core/Default
    - React-cxxreact (= 1000.0.0)
    - React-jsi (= 1000.0.0)
    - React-jsiexecutor (= 1000.0.0)
    - React-perflogger (= 1000.0.0)
    - Yoga
  - React-Core/Default (1000.0.0):
    - Folly (= 2020.01.13.00)
    - glog
    - React-cxxreact (= 1000.0.0)
    - React-jsi (= 1000.0.0)
    - React-jsiexecutor (= 1000.0.0)
    - React-perflogger (= 1000.0.0)
    - Yoga
  - React-Core/DevSupport (1000.0.0):
    - Folly (= 2020.01.13.00)
    - glog
    - React-Core/Default (= 1000.0.0)
    - React-Core/RCTWebSocket (= 1000.0.0)
    - React-cxxreact (= 1000.0.0)
    - React-jsi (= 1000.0.0)
    - React-jsiexecutor (= 1000.0.0)
    - React-jsinspector (= 1000.0.0)
    - React-perflogger (= 1000.0.0)
    - Yoga
  - React-Core/RCTImageHeaders (1000.0.0):
    - Folly (= 2020.01.13.00)
    - glog
    - React-Core/Default
    - React-cxxreact (= 1000.0.0)
    - React-jsi (= 1000.0.0)
    - React-jsiexecutor (= 1000.0.0)
    - React-perflogger (= 1000.0.0)
    - Yoga
  - React-Core/RCTLinkingHeaders (1000.0.0):
    - Folly (= 2020.01.13.00)
    - glog
    - React-Core/Default
    - React-cxxreact (= 1000.0.0)
    - React-jsi (= 1000.0.0)
    - React-jsiexecutor (= 1000.0.0)
    - React-perflogger (= 1000.0.0)
    - Yoga
  - React-Core/RCTNetworkHeaders (1000.0.0):
    - Folly (= 2020.01.13.00)
    - glog
    - React-Core/Default
    - React-cxxreact (= 1000.0.0)
    - React-jsi (= 1000.0.0)
    - React-jsiexecutor (= 1000.0.0)
    - React-perflogger (= 1000.0.0)
    - Yoga
  - React-Core/RCTPushNotificationHeaders (1000.0.0):
    - Folly (= 2020.01.13.00)
    - glog
    - React-Core/Default
    - React-cxxreact (= 1000.0.0)
    - React-jsi (= 1000.0.0)
    - React-jsiexecutor (= 1000.0.0)
    - React-perflogger (= 1000.0.0)
    - Yoga
  - React-Core/RCTSettingsHeaders (1000.0.0):
    - Folly (= 2020.01.13.00)
    - glog
    - React-Core/Default
    - React-cxxreact (= 1000.0.0)
    - React-jsi (= 1000.0.0)
    - React-jsiexecutor (= 1000.0.0)
    - React-perflogger (= 1000.0.0)
    - Yoga
  - React-Core/RCTTextHeaders (1000.0.0):
    - Folly (= 2020.01.13.00)
    - glog
    - React-Core/Default
    - React-cxxreact (= 1000.0.0)
    - React-jsi (= 1000.0.0)
    - React-jsiexecutor (= 1000.0.0)
    - React-perflogger (= 1000.0.0)
    - Yoga
  - React-Core/RCTWebSocket (1000.0.0):
    - Folly (= 2020.01.13.00)
    - glog
    - React-Core/Default (= 1000.0.0)
    - React-cxxreact (= 1000.0.0)
    - React-jsi (= 1000.0.0)
    - React-jsiexecutor (= 1000.0.0)
    - React-perflogger (= 1000.0.0)
    - Yoga
  - React-CoreModules (1000.0.0):
    - FBReactNativeSpec (= 1000.0.0)
    - Folly (= 2020.01.13.00)
    - RCTTypeSafety (= 1000.0.0)
    - React-Core/CoreModulesHeaders (= 1000.0.0)
    - React-jsi (= 1000.0.0)
    - React-RCTImage (= 1000.0.0)
    - ReactCommon/turbomodule/core (= 1000.0.0)
  - React-cxxreact (1000.0.0):
    - boost-for-react-native (= 1.63.0)
    - DoubleConversion
    - Folly (= 2020.01.13.00)
    - glog
    - React-callinvoker (= 1000.0.0)
    - React-jsi (= 1000.0.0)
    - React-jsinspector (= 1000.0.0)
    - React-perflogger (= 1000.0.0)
    - React-runtimeexecutor (= 1000.0.0)
  - React-Fabric (1000.0.0):
    - Folly/Fabric (= 2020.01.13.00)
    - RCTRequired (= 1000.0.0)
    - RCTTypeSafety (= 1000.0.0)
    - React-Fabric/animations (= 1000.0.0)
    - React-Fabric/attributedstring (= 1000.0.0)
    - React-Fabric/better (= 1000.0.0)
    - React-Fabric/componentregistry (= 1000.0.0)
    - React-Fabric/components (= 1000.0.0)
    - React-Fabric/config (= 1000.0.0)
    - React-Fabric/core (= 1000.0.0)
    - React-Fabric/debug (= 1000.0.0)
    - React-Fabric/imagemanager (= 1000.0.0)
    - React-Fabric/mounting (= 1000.0.0)
    - React-Fabric/scheduler (= 1000.0.0)
    - React-Fabric/templateprocessor (= 1000.0.0)
    - React-Fabric/textlayoutmanager (= 1000.0.0)
    - React-Fabric/uimanager (= 1000.0.0)
    - React-Fabric/utils (= 1000.0.0)
    - React-graphics (= 1000.0.0)
    - React-jsi (= 1000.0.0)
    - React-jsiexecutor (= 1000.0.0)
    - ReactCommon/turbomodule/core (= 1000.0.0)
  - React-Fabric/animations (1000.0.0):
    - Folly/Fabric (= 2020.01.13.00)
    - RCTRequired (= 1000.0.0)
    - RCTTypeSafety (= 1000.0.0)
    - React-graphics (= 1000.0.0)
    - React-jsi (= 1000.0.0)
    - React-jsiexecutor (= 1000.0.0)
    - ReactCommon/turbomodule/core (= 1000.0.0)
  - React-Fabric/attributedstring (1000.0.0):
    - Folly/Fabric (= 2020.01.13.00)
    - RCTRequired (= 1000.0.0)
    - RCTTypeSafety (= 1000.0.0)
    - React-graphics (= 1000.0.0)
    - React-jsi (= 1000.0.0)
    - React-jsiexecutor (= 1000.0.0)
    - ReactCommon/turbomodule/core (= 1000.0.0)
  - React-Fabric/better (1000.0.0):
    - Folly/Fabric (= 2020.01.13.00)
    - RCTRequired (= 1000.0.0)
    - RCTTypeSafety (= 1000.0.0)
    - React-graphics (= 1000.0.0)
    - React-jsi (= 1000.0.0)
    - React-jsiexecutor (= 1000.0.0)
    - ReactCommon/turbomodule/core (= 1000.0.0)
  - React-Fabric/componentregistry (1000.0.0):
    - Folly/Fabric (= 2020.01.13.00)
    - RCTRequired (= 1000.0.0)
    - RCTTypeSafety (= 1000.0.0)
    - React-graphics (= 1000.0.0)
    - React-jsi (= 1000.0.0)
    - React-jsiexecutor (= 1000.0.0)
    - ReactCommon/turbomodule/core (= 1000.0.0)
  - React-Fabric/components (1000.0.0):
    - Folly/Fabric (= 2020.01.13.00)
    - RCTRequired (= 1000.0.0)
    - RCTTypeSafety (= 1000.0.0)
    - React-Fabric/components/activityindicator (= 1000.0.0)
    - React-Fabric/components/image (= 1000.0.0)
    - React-Fabric/components/legacyviewmanagerinterop (= 1000.0.0)
    - React-Fabric/components/rncore (= 1000.0.0)
    - React-Fabric/components/root (= 1000.0.0)
    - React-Fabric/components/safeareaview (= 1000.0.0)
    - React-Fabric/components/text (= 1000.0.0)
    - React-Fabric/components/unimplementedview (= 1000.0.0)
    - React-Fabric/components/view (= 1000.0.0)
    - React-graphics (= 1000.0.0)
    - React-jsi (= 1000.0.0)
    - React-jsiexecutor (= 1000.0.0)
    - ReactCommon/turbomodule/core (= 1000.0.0)
  - React-Fabric/components/activityindicator (1000.0.0):
    - Folly/Fabric (= 2020.01.13.00)
    - RCTRequired (= 1000.0.0)
    - RCTTypeSafety (= 1000.0.0)
    - React-graphics (= 1000.0.0)
    - React-jsi (= 1000.0.0)
    - React-jsiexecutor (= 1000.0.0)
    - ReactCommon/turbomodule/core (= 1000.0.0)
  - React-Fabric/components/image (1000.0.0):
    - Folly/Fabric (= 2020.01.13.00)
    - RCTRequired (= 1000.0.0)
    - RCTTypeSafety (= 1000.0.0)
    - React-graphics (= 1000.0.0)
    - React-jsi (= 1000.0.0)
    - React-jsiexecutor (= 1000.0.0)
    - ReactCommon/turbomodule/core (= 1000.0.0)
  - React-Fabric/components/legacyviewmanagerinterop (1000.0.0):
    - Folly/Fabric (= 2020.01.13.00)
    - RCTRequired (= 1000.0.0)
    - RCTTypeSafety (= 1000.0.0)
    - React-graphics (= 1000.0.0)
    - React-jsi (= 1000.0.0)
    - React-jsiexecutor (= 1000.0.0)
    - ReactCommon/turbomodule/core (= 1000.0.0)
  - React-Fabric/components/rncore (1000.0.0):
    - Folly/Fabric (= 2020.01.13.00)
    - RCTRequired (= 1000.0.0)
    - RCTTypeSafety (= 1000.0.0)
    - React-graphics (= 1000.0.0)
    - React-jsi (= 1000.0.0)
    - React-jsiexecutor (= 1000.0.0)
    - ReactCommon/turbomodule/core (= 1000.0.0)
  - React-Fabric/components/root (1000.0.0):
    - Folly/Fabric (= 2020.01.13.00)
    - RCTRequired (= 1000.0.0)
    - RCTTypeSafety (= 1000.0.0)
    - React-graphics (= 1000.0.0)
    - React-jsi (= 1000.0.0)
    - React-jsiexecutor (= 1000.0.0)
    - ReactCommon/turbomodule/core (= 1000.0.0)
  - React-Fabric/components/safeareaview (1000.0.0):
    - Folly/Fabric (= 2020.01.13.00)
    - RCTRequired (= 1000.0.0)
    - RCTTypeSafety (= 1000.0.0)
    - React-graphics (= 1000.0.0)
    - React-jsi (= 1000.0.0)
    - React-jsiexecutor (= 1000.0.0)
    - ReactCommon/turbomodule/core (= 1000.0.0)
  - React-Fabric/components/text (1000.0.0):
    - Folly/Fabric (= 2020.01.13.00)
    - RCTRequired (= 1000.0.0)
    - RCTTypeSafety (= 1000.0.0)
    - React-graphics (= 1000.0.0)
    - React-jsi (= 1000.0.0)
    - React-jsiexecutor (= 1000.0.0)
    - ReactCommon/turbomodule/core (= 1000.0.0)
  - React-Fabric/components/unimplementedview (1000.0.0):
    - Folly/Fabric (= 2020.01.13.00)
    - RCTRequired (= 1000.0.0)
    - RCTTypeSafety (= 1000.0.0)
    - React-graphics (= 1000.0.0)
    - React-jsi (= 1000.0.0)
    - React-jsiexecutor (= 1000.0.0)
    - ReactCommon/turbomodule/core (= 1000.0.0)
  - React-Fabric/components/view (1000.0.0):
    - Folly/Fabric (= 2020.01.13.00)
    - RCTRequired (= 1000.0.0)
    - RCTTypeSafety (= 1000.0.0)
    - React-graphics (= 1000.0.0)
    - React-jsi (= 1000.0.0)
    - React-jsiexecutor (= 1000.0.0)
    - ReactCommon/turbomodule/core (= 1000.0.0)
    - Yoga
  - React-Fabric/config (1000.0.0):
    - Folly/Fabric (= 2020.01.13.00)
    - RCTRequired (= 1000.0.0)
    - RCTTypeSafety (= 1000.0.0)
    - React-graphics (= 1000.0.0)
    - React-jsi (= 1000.0.0)
    - React-jsiexecutor (= 1000.0.0)
    - ReactCommon/turbomodule/core (= 1000.0.0)
  - React-Fabric/core (1000.0.0):
    - Folly/Fabric (= 2020.01.13.00)
    - RCTRequired (= 1000.0.0)
    - RCTTypeSafety (= 1000.0.0)
    - React-graphics (= 1000.0.0)
    - React-jsi (= 1000.0.0)
    - React-jsiexecutor (= 1000.0.0)
    - ReactCommon/turbomodule/core (= 1000.0.0)
  - React-Fabric/debug (1000.0.0):
    - Folly/Fabric (= 2020.01.13.00)
    - RCTRequired (= 1000.0.0)
    - RCTTypeSafety (= 1000.0.0)
    - React-graphics (= 1000.0.0)
    - React-jsi (= 1000.0.0)
    - React-jsiexecutor (= 1000.0.0)
    - ReactCommon/turbomodule/core (= 1000.0.0)
  - React-Fabric/imagemanager (1000.0.0):
    - Folly/Fabric (= 2020.01.13.00)
    - RCTRequired (= 1000.0.0)
    - RCTTypeSafety (= 1000.0.0)
    - React-graphics (= 1000.0.0)
    - React-jsi (= 1000.0.0)
    - React-jsiexecutor (= 1000.0.0)
    - React-RCTImage (= 1000.0.0)
    - ReactCommon/turbomodule/core (= 1000.0.0)
  - React-Fabric/mounting (1000.0.0):
    - Folly/Fabric (= 2020.01.13.00)
    - RCTRequired (= 1000.0.0)
    - RCTTypeSafety (= 1000.0.0)
    - React-graphics (= 1000.0.0)
    - React-jsi (= 1000.0.0)
    - React-jsiexecutor (= 1000.0.0)
    - ReactCommon/turbomodule/core (= 1000.0.0)
  - React-Fabric/scheduler (1000.0.0):
    - Folly/Fabric (= 2020.01.13.00)
    - RCTRequired (= 1000.0.0)
    - RCTTypeSafety (= 1000.0.0)
    - React-graphics (= 1000.0.0)
    - React-jsi (= 1000.0.0)
    - React-jsiexecutor (= 1000.0.0)
    - ReactCommon/turbomodule/core (= 1000.0.0)
  - React-Fabric/templateprocessor (1000.0.0):
    - Folly/Fabric (= 2020.01.13.00)
    - RCTRequired (= 1000.0.0)
    - RCTTypeSafety (= 1000.0.0)
    - React-graphics (= 1000.0.0)
    - React-jsi (= 1000.0.0)
    - React-jsiexecutor (= 1000.0.0)
    - ReactCommon/turbomodule/core (= 1000.0.0)
  - React-Fabric/textlayoutmanager (1000.0.0):
    - Folly/Fabric (= 2020.01.13.00)
    - RCTRequired (= 1000.0.0)
    - RCTTypeSafety (= 1000.0.0)
    - React-graphics (= 1000.0.0)
    - React-jsi (= 1000.0.0)
    - React-jsiexecutor (= 1000.0.0)
    - ReactCommon/turbomodule/core (= 1000.0.0)
  - React-Fabric/uimanager (1000.0.0):
    - Folly/Fabric (= 2020.01.13.00)
    - RCTRequired (= 1000.0.0)
    - RCTTypeSafety (= 1000.0.0)
    - React-graphics (= 1000.0.0)
    - React-jsi (= 1000.0.0)
    - React-jsiexecutor (= 1000.0.0)
    - ReactCommon/turbomodule/core (= 1000.0.0)
  - React-Fabric/utils (1000.0.0):
    - Folly/Fabric (= 2020.01.13.00)
    - RCTRequired (= 1000.0.0)
    - RCTTypeSafety (= 1000.0.0)
    - React-graphics (= 1000.0.0)
    - React-jsi (= 1000.0.0)
    - React-jsiexecutor (= 1000.0.0)
    - ReactCommon/turbomodule/core (= 1000.0.0)
  - React-graphics (1000.0.0):
    - Folly/Fabric (= 2020.01.13.00)
  - React-jsi (1000.0.0):
    - boost-for-react-native (= 1.63.0)
    - DoubleConversion
    - Folly (= 2020.01.13.00)
    - glog
    - React-jsi/Default (= 1000.0.0)
  - React-jsi/Default (1000.0.0):
    - boost-for-react-native (= 1.63.0)
    - DoubleConversion
    - Folly (= 2020.01.13.00)
    - glog
  - React-jsi/Fabric (1000.0.0):
    - boost-for-react-native (= 1.63.0)
    - DoubleConversion
    - Folly (= 2020.01.13.00)
    - glog
  - React-jsiexecutor (1000.0.0):
    - DoubleConversion
    - Folly (= 2020.01.13.00)
    - glog
    - React-cxxreact (= 1000.0.0)
    - React-jsi (= 1000.0.0)
    - React-perflogger (= 1000.0.0)
  - React-jsinspector (1000.0.0)
  - React-perflogger (1000.0.0)
  - React-RCTImage (1000.0.0):
    - FBReactNativeSpec (= 1000.0.0)
    - Folly (= 2020.01.13.00)
    - RCTTypeSafety (= 1000.0.0)
    - React-Core/RCTImageHeaders (= 1000.0.0)
    - React-jsi (= 1000.0.0)
    - React-RCTNetwork (= 1000.0.0)
    - ReactCommon/turbomodule/core (= 1000.0.0)
  - React-RCTLinking (1000.0.0):
    - FBReactNativeSpec (= 1000.0.0)
    - React-Core/RCTLinkingHeaders (= 1000.0.0)
    - React-jsi (= 1000.0.0)
    - ReactCommon/turbomodule/core (= 1000.0.0)
  - React-RCTNetwork (1000.0.0):
    - FBReactNativeSpec (= 1000.0.0)
    - Folly (= 2020.01.13.00)
    - RCTTypeSafety (= 1000.0.0)
    - React-Core/RCTNetworkHeaders (= 1000.0.0)
    - React-jsi (= 1000.0.0)
    - ReactCommon/turbomodule/core (= 1000.0.0)
  - React-RCTPushNotification (1000.0.0):
    - FBReactNativeSpec (= 1000.0.0)
    - RCTTypeSafety (= 1000.0.0)
    - React-Core/RCTPushNotificationHeaders (= 1000.0.0)
    - React-jsi (= 1000.0.0)
    - ReactCommon/turbomodule/core (= 1000.0.0)
  - React-RCTSettings (1000.0.0):
    - FBReactNativeSpec (= 1000.0.0)
    - Folly (= 2020.01.13.00)
    - RCTTypeSafety (= 1000.0.0)
    - React-Core/RCTSettingsHeaders (= 1000.0.0)
    - React-jsi (= 1000.0.0)
    - ReactCommon/turbomodule/core (= 1000.0.0)
  - React-RCTText (1000.0.0):
    - React-Core/RCTTextHeaders (= 1000.0.0)
  - React-runtimeexecutor (1000.0.0):
    - React-jsi (= 1000.0.0)
  - ReactCommon/turbomodule/core (1000.0.0):
    - DoubleConversion
    - Folly (= 2020.01.13.00)
    - glog
    - React-callinvoker (= 1000.0.0)
    - React-Core (= 1000.0.0)
    - React-cxxreact (= 1000.0.0)
    - React-jsi (= 1000.0.0)
    - React-perflogger (= 1000.0.0)
  - ReactCommon/turbomodule/samples (1000.0.0):
    - DoubleConversion
    - Folly (= 2020.01.13.00)
    - glog
    - React-callinvoker (= 1000.0.0)
    - React-Core (= 1000.0.0)
    - React-cxxreact (= 1000.0.0)
    - React-jsi (= 1000.0.0)
    - React-perflogger (= 1000.0.0)
    - ReactCommon/turbomodule/core (= 1000.0.0)
  - ReactSwiftUI (0.0.1):
    - React-Fabric
  - Yoga (1.14.0)
  - YogaKit (1.18.1):
    - Yoga (~> 1.14)

DEPENDENCIES:
  - boost-for-react-native (from `../../third-party-podspecs/boost-for-react-native.podspec`)
  - DoubleConversion (from `../../third-party-podspecs/DoubleConversion.podspec`)
  - FBLazyVector (from `../../Libraries/FBLazyVector`)
  - FBReactNativeSpec (from `../../Libraries/FBReactNativeSpec`)
  - FlipperKit (~> 0.30.1)
  - FlipperKit/FlipperKitLayoutPlugin (~> 0.30.1)
  - FlipperKit/FlipperKitReactPlugin (~> 0.30.1)
  - FlipperKit/FlipperKitUserDefaultsPlugin (~> 0.30.1)
  - FlipperKit/SKIOSNetworkPlugin (~> 0.30.1)
  - Folly (from `../../third-party-podspecs/Folly.podspec`)
  - Folly/Fabric (from `../../third-party-podspecs/Folly.podspec`)
  - glog (from `../../third-party-podspecs/glog.podspec`)
  - RCTRequired (from `../../Libraries/RCTRequired`)
  - RCTTypeSafety (from `../../Libraries/TypeSafety`)
  - React (from `../../`)
  - React-callinvoker (from `../../ReactCommon/callinvoker`)
  - React-Core (from `../../`)
  - React-Core/DevSupport (from `../../`)
  - React-Core/RCTWebSocket (from `../../`)
  - React-CoreModules (from `../../React/CoreModules`)
  - React-cxxreact (from `../../ReactCommon/cxxreact`)
  - React-Fabric (from `../../ReactCommon`)
  - React-graphics (from `../../ReactCommon/react/renderer/graphics`)
  - React-jsi (from `../../ReactCommon/jsi`)
  - React-jsi/Fabric (from `../../ReactCommon/jsi`)
  - React-jsiexecutor (from `../../ReactCommon/jsiexecutor`)
  - React-jsinspector (from `../../ReactCommon/jsinspector`)
  - React-perflogger (from `../../ReactCommon/reactperflogger`)
  - React-RCTImage (from `../../Libraries/Image`)
  - React-RCTLinking (from `../../Libraries/LinkingIOS`)
  - React-RCTNetwork (from `../../Libraries/Network`)
  - React-RCTPushNotification (from `../../Libraries/PushNotificationIOS`)
  - React-RCTSettings (from `../../Libraries/Settings`)
  - React-RCTText (from `../../Libraries/Text`)
  - React-runtimeexecutor (from `../../ReactCommon/runtimeexecutor`)
  - ReactCommon/turbomodule/core (from `../../ReactCommon`)
  - ReactCommon/turbomodule/samples (from `../../ReactCommon`)
  - ReactSwiftUI (from `../../packages/react-native-swiftui`)
  - Yoga (from `../../ReactCommon/yoga`)

SPEC REPOS:
  trunk:
    - CocoaAsyncSocket
    - CocoaLibEvent
    - Flipper
    - Flipper-DoubleConversion
    - Flipper-Folly
    - Flipper-Glog
    - Flipper-PeerTalk
    - Flipper-RSocket
    - FlipperKit
    - OpenSSL-Universal
    - YogaKit

EXTERNAL SOURCES:
  boost-for-react-native:
    :podspec: "../../third-party-podspecs/boost-for-react-native.podspec"
  DoubleConversion:
    :podspec: "../../third-party-podspecs/DoubleConversion.podspec"
  FBLazyVector:
    :path: "../../Libraries/FBLazyVector"
  FBReactNativeSpec:
    :path: "../../Libraries/FBReactNativeSpec"
  Folly:
    :podspec: "../../third-party-podspecs/Folly.podspec"
  glog:
    :podspec: "../../third-party-podspecs/glog.podspec"
  RCTRequired:
    :path: "../../Libraries/RCTRequired"
  RCTTypeSafety:
    :path: "../../Libraries/TypeSafety"
  React:
    :path: "../../"
  React-callinvoker:
    :path: "../../ReactCommon/callinvoker"
  React-Core:
    :path: "../../"
  React-CoreModules:
    :path: "../../React/CoreModules"
  React-cxxreact:
    :path: "../../ReactCommon/cxxreact"
  React-Fabric:
    :path: "../../ReactCommon"
  React-graphics:
    :path: "../../ReactCommon/react/renderer/graphics"
  React-jsi:
    :path: "../../ReactCommon/jsi"
  React-jsiexecutor:
    :path: "../../ReactCommon/jsiexecutor"
  React-jsinspector:
    :path: "../../ReactCommon/jsinspector"
  React-perflogger:
    :path: "../../ReactCommon/reactperflogger"
  React-RCTImage:
    :path: "../../Libraries/Image"
  React-RCTLinking:
    :path: "../../Libraries/LinkingIOS"
  React-RCTNetwork:
    :path: "../../Libraries/Network"
  React-RCTPushNotification:
    :path: "../../Libraries/PushNotificationIOS"
  React-RCTSettings:
    :path: "../../Libraries/Settings"
  React-RCTText:
    :path: "../../Libraries/Text"
  React-runtimeexecutor:
    :path: "../../ReactCommon/runtimeexecutor"
  ReactCommon:
    :path: "../../ReactCommon"
  ReactSwiftUI:
    :path: "../../packages/react-native-swiftui"
  Yoga:
    :path: "../../ReactCommon/yoga"

SPEC CHECKSUMS:
  boost-for-react-native: e28289216beb6234383f89f3828d42e6540a8751
  CocoaAsyncSocket: 694058e7c0ed05a9e217d1b3c7ded962f4180845
  CocoaLibEvent: 2fab71b8bd46dd33ddb959f7928ec5909f838e3f
  DoubleConversion: 1a4b07fe62af90f0d08de1ff4b8241574f9ccf43
  FBLazyVector: b72e444dd48aef2746d6f16b6c7e2639df3d2a6c
  FBReactNativeSpec: 3907e9dee431bd32e13446034cd57bfea6b2cd82
  Flipper: 10b225e352595f521be0e5badddd90e241336e89
  Flipper-DoubleConversion: 38631e41ef4f9b12861c67d17cb5518d06badc41
  Flipper-Folly: c12092ea368353b58e992843a990a3225d4533c3
  Flipper-Glog: 1dfd6abf1e922806c52ceb8701a3599a79a200a6
  Flipper-PeerTalk: 116d8f857dc6ef55c7a5a75ea3ceaafe878aadc9
  Flipper-RSocket: 64e7431a55835eb953b0bf984ef3b90ae9fdddd7
  FlipperKit: 88b7f0d0cf907ddc2137b85eeb7f3d4d8d9395c8
  Folly: 4a1ba423781a3a89308149f783a9377aa7e0fedc
  glog: 38a7cc82cf91efe6502f5da59bd99b6c65410847
  OpenSSL-Universal: 8b48cc0d10c1b2923617dfe5c178aa9ed2689355
  RCTRequired: 087a927afe9efdb0a700204d2cbb3f5a4dccee89
  RCTTypeSafety: e63a38870a6f814cb7a8b8db3d2d4cfc1507231d
  React: 6e64f3a72419c1bd9c655f678829344f03be3b77
  React-callinvoker: 6b840fdd0d465ef5999e72056e07cc47d5b579c6
  React-Core: 20015899d8decc10b82019a3813d6d6000d1263c
  React-CoreModules: 977d44c4916a0aa48dbab22cc38c977956cd22fb
  React-cxxreact: 1cb32b994c11c684178e4420a9b58679870c2422
  React-Fabric: c1253abf29e843c06262a24de75140ba19359906
  React-graphics: 073e719039fc87f1d10dcc9d9dad3dac08cc196a
  React-jsi: beab162dc7517642ffc1255673d389748e84d385
  React-jsiexecutor: b94dac803fd16950893942931ab627fdd06d129c
  React-jsinspector: e5cf369aeb757385bcaac2583bb4b7e2826bfe40
  React-perflogger: d0387509c747fa42a1449f3c1d654f333dbb526a
  React-RCTImage: 2186e10512df77bc60b693aa742e9e7fc7752e18
  React-RCTLinking: 37f63cdd11b35648c61e942e4be578101cf26da6
  React-RCTNetwork: 392671498d3bf484d0dd3f95453e3fd866933709
  React-RCTPushNotification: 2e231e3a1697ceacee90b834434d68c83cc9f88b
  React-RCTSettings: 64a2fdf4618ee08c485396643bc9126d990c391d
  React-RCTText: 431355b27791c1c64f53e25f8a6d89aff9b5e1fe
  React-runtimeexecutor: 08450d1e6022615f2cbc615d2dcb223c8de17051
  ReactCommon: d7e08caf11de3d45256fc17901eb0135da84f410
  ReactSwiftUI: e6c6997674b8aae135bfa77ac1c9c7b4e00cffd6
  Yoga: 5764295408447f1342a7c31813546482c0e95ec5
  YogaKit: f782866e155069a2cca2517aafea43200b01fd5a

PODFILE CHECKSUM: 009c559b1f30278d7743d00e0913904c1ce1d389

COCOAPODS: 1.9.3
